# This file is automatically @generated by Cargo.
# It is not intended for manual editing.
[[package]]
name = "fc"
version = "2.13.1"
dependencies = [
 "freetype2 2.10.1 (git+https://github.com/Pctg-x8/ft2-rs)",
 "libc 0.2.62 (registry+https://github.com/rust-lang/crates.io-index)",
]

[[package]]
name = "freetype2"
version = "2.10.1"
source = "git+https://github.com/Pctg-x8/ft2-rs#5adf0b2dc4c889666d7134ad4daa4d9ab2fe454e"
dependencies = [
 "libc 0.2.62 (registry+https://github.com/rust-lang/crates.io-index)",
]

[[package]]
name = "libc"
version = "0.2.62"
source = "registry+https://github.com/rust-lang/crates.io-index"

[metadata]
"checksum freetype2 2.10.1 (git+https://github.com/Pctg-x8/ft2-rs)" = "<none>"
"checksum libc 0.2.62 (registry+https://github.com/rust-lang/crates.io-index)" = "34fcd2c08d2f832f376f4173a231990fa5aef4e99fb569867318a227ef4c06ba"
